{
  "name": "easyjob",
  "version": "1.0.0",
  "lockfileVersion": 1,
  "requires": true,
  "dependencies": {
    "angular": {
      "version": "https://registry.npmjs.org/angular/-/angular-1.6.6.tgz",
      "integrity": "sha1-/Vo8+0N844LYVO4BEgeXl4Uny2Q="
    },
    "angular-animate": {
      "version": "https://registry.npmjs.org/angular-animate/-/angular-animate-1.6.6.tgz",
      "integrity": "sha1-aSVkexQaBA0kG/ElBA8aFQ/NinA="
    },
    "angular-route": {
      "version": "https://registry.npmjs.org/angular-route/-/angular-route-1.6.6.tgz",
      "integrity": "sha1-jBF0iqGVxxexthWn50ZEK/x8YfQ="
    },
    "angular-ui-router": {
      "version": "0.4.3",
      "resolved": "https://registry.npmjs.org/angular-ui-router/-/angular-ui-router-0.4.3.tgz",
      "integrity": "sha512-EGBG7G7ArFVkJPM+ZIgPKuMYuT16UQrr3zj3BEiXHKwxss867bGt3u7QD9g4BxR+K2qQOSWok6JGvgTWXAko3A==",
      "requires": {
        "angular": "https://registry.npmjs.org/angular/-/angular-1.6.6.tgz"
      }
    },
    "bootstrap": {
      "version": "https://registry.npmjs.org/bootstrap/-/bootstrap-4.0.0-alpha.6.tgz",
      "integrity": "sha1-T1TdM6wN6sOyhAe8LffsYIhpycg=",
      "requires": {
        "jquery": "https://registry.npmjs.org/jquery/-/jquery-3.2.1.tgz",
        "tether": "1.4.1"
      }
    },
    "font-awesome": {
      "version": "https://registry.npmjs.org/font-awesome/-/font-awesome-4.7.0.tgz",
      "integrity": "sha1-j6jPBBGhoxr9B7BtKQK7n8gVoTM="
    },
    "jquery": {
      "version": "https://registry.npmjs.org/jquery/-/jquery-3.2.1.tgz",
      "integrity": "sha1-XE2d5lKvbNCncBVKYxu6ErAVx4c="
    },
    "normalize.css": {
      "version": "https://registry.npmjs.org/normalize.css/-/normalize.css-7.0.0.tgz",
      "integrity": "sha1-q/sd2CRwZ04DIrU86xqvQSk45L8="
    },
    "popper.js": {
      "version": "1.12.7",
      "resolved": "https://registry.npmjs.org/popper.js/-/popper.js-1.12.7.tgz",
      "integrity": "sha1-uNIlYY5dleJ6wrWR3r9YGFepwW0="
    },
    "sweetalert2": {
      "version": "6.11.4",
      "resolved": "https://registry.npmjs.org/sweetalert2/-/sweetalert2-6.11.4.tgz",
      "integrity": "sha512-ZwJv8UbyyHVkJmEkVXaOTkItBTZYUYgZ9XpgAIaxJLZ/SabqnpDIQT2PpOb/2qpKc7Rxs0Je/IaGi/NZh0/JPg=="
    },
    "tether": {
      "version": "1.4.1",
      "resolved": "https://registry.npmjs.org/tether/-/tether-1.4.1.tgz",
      "integrity": "sha512-RQ+DAk1gwcQpc0If2dYeFdWPb1osUnMivXAUcAaLXfwoRtoKr/XdVluxNqx7g+YGRvOuPJY2b036hdpdTV97Pg=="
    }
  }
}
